
Microsoft Visual Studio Solution File, Format Version 12.00
# Visual Studio Version 16
VisualStudioVersion = 16.0.30002.166
MinimumVisualStudioVersion = 10.0.40219.1
Project("{9A19103F-16F7-4668-BE54-9A1E7A4F7556}") = "Demo.Server.Api", "Demo.Server.Web\Demo.Server.Api.csproj", "{182EE966-5E96-4B20-9CF3-58C81A849BB2}"
EndProject
Project("{FAE04EC0-301F-11D3-BF4B-00C04F79EFBC}") = "Demo.Server.Core", "Demo.Server.Core\Demo.Server.Core.csproj", "{F8C03C28-010C-4232-B151-3821ECEE4FE2}"
EndProject
Global
	GlobalSection(SolutionConfigurationPlatforms) = preSolution
		Debug|Any CPU = Debug|Any CPU
		Release|Any CPU = Release|Any CPU
	EndGlobalSection
	GlobalSection(ProjectConfigurationPlatforms) = postSolution
		{182EE966-5E96-4B20-9CF3-58C81A849BB2}.Debug|Any CPU.ActiveCfg = Debug|Any CPU
		{182EE966-5E96-4B20-9CF3-58C81A849BB2}.Debug|Any CPU.Build.0 = Debug|Any CPU
		{182EE966-5E96-4B20-9CF3-58C81A849BB2}.Release|Any CPU.ActiveCfg = Release|Any CPU
		{182EE966-5E96-4B20-9CF3-58C81A849BB2}.Release|Any CPU.Build.0 = Release|Any CPU
		{F8C03C28-010C-4232-B151-3821ECEE4FE2}.Debug|Any CPU.ActiveCfg = Debug|Any CPU
		{F8C03C28-010C-4232-B151-3821ECEE4FE2}.Debug|Any CPU.Build.0 = Debug|Any CPU
		{F8C03C28-010C-4232-B151-3821ECEE4FE2}.Release|Any CPU.ActiveCfg = Release|Any CPU
		{F8C03C28-010C-4232-B151-3821ECEE4FE2}.Release|Any CPU.Build.0 = Release|Any CPU
	EndGlobalSection
	GlobalSection(SolutionProperties) = preSolution
		HideSolutionNode = FALSE
	EndGlobalSection
	GlobalSection(ExtensibilityGlobals) = postSolution
		SolutionGuid = {C7FCE43A-3E30-46FB-8F7B-C2A80E2ADFD7}
	EndGlobalSection
EndGlobal
